{
  "name": "Teradata",
  "version": "1.0.0",
  "lockfileVersion": 2,
  "requires": true,
  "packages": {
    "": {
      "name": "Teradata",
      "version": "1.0.0",
      "dependencies": {
        "find-java-home": "^2.0.0"
      }
    },
    "node_modules/find-java-home": {
      "version": "2.0.0",
      "resolved": "https://registry.npmjs.org/find-java-home/-/find-java-home-2.0.0.tgz",
      "integrity": "sha512-m4Cf5WM5Y9UupofsLgcJuY5oFXVfVnfHx43pg3HJoVdtY2PN4Wfs7ex9svf7W7eLTP+6wmyBToaqGOCffHBHVA==",
      "dependencies": {
        "which": "~1.0.5",
        "winreg": "~1.2.2"
      }
    },
    "node_modules/find-java-home/node_modules/which": {
      "version": "1.0.9",
      "resolved": "https://registry.npmjs.org/which/-/which-1.0.9.tgz",
      "integrity": "sha512-E87fdQ/eRJr9W1X4wTPejNy9zTW3FI2vpCZSJ/HAY+TkjKVC0TUm1jk6vn2Z7qay0DQy0+RBGdXxj+RmmiGZKQ==",
      "bin": {
        "which": "bin/which"
      }
    },
    "node_modules/winreg": {
      "version": "1.2.4",
      "resolved": "https://registry.npmjs.org/winreg/-/winreg-1.2.4.tgz",
      "integrity": "sha512-IHpzORub7kYlb8A43Iig3reOvlcBJGX9gZ0WycHhghHtA65X0LYnMRuJs+aH1abVnMJztQkvQNlltnbPi5aGIA=="
    }
  },
  "dependencies": {
    "find-java-home": {
      "version": "2.0.0",
      "resolved": "https://registry.npmjs.org/find-java-home/-/find-java-home-2.0.0.tgz",
      "integrity": "sha512-m4Cf5WM5Y9UupofsLgcJuY5oFXVfVnfHx43pg3HJoVdtY2PN4Wfs7ex9svf7W7eLTP+6wmyBToaqGOCffHBHVA==",
      "requires": {
        "which": "~1.0.5",
        "winreg": "~1.2.2"
      },
      "dependencies": {
        "which": {
          "version": "1.0.9",
          "resolved": "https://registry.npmjs.org/which/-/which-1.0.9.tgz",
          "integrity": "sha512-E87fdQ/eRJr9W1X4wTPejNy9zTW3FI2vpCZSJ/HAY+TkjKVC0TUm1jk6vn2Z7qay0DQy0+RBGdXxj+RmmiGZKQ=="
        }
      }
    },
    "winreg": {
      "version": "1.2.4",
      "resolved": "https://registry.npmjs.org/winreg/-/winreg-1.2.4.tgz",
      "integrity": "sha512-IHpzORub7kYlb8A43Iig3reOvlcBJGX9gZ0WycHhghHtA65X0LYnMRuJs+aH1abVnMJztQkvQNlltnbPi5aGIA=="
    }
  }
}
